{
  "name": "eyedp",
  "version": "1.0.0",
  "lockfileVersion": 2,
  "requires": true,
  "packages": {
    "": {
      "name": "eyedp",
      "version": "1.0.0",
      "license": "SEE LICENSE IN LICENSE*",
      "dependencies": {
        "@github/hotkey": "^1.6.0"
      },
      "devDependencies": {}
    },
    "node_modules/@github/hotkey": {
      "version": "1.6.0",
      "resolved": "https://registry.npmjs.org/@github/hotkey/-/hotkey-1.6.0.tgz",
      "integrity": "sha512-pm/xBWrn0yyD2GFqPUBH4ne7mdpdrnmdHxwKV0hN/jnSKj01RTPxau65SAvBvWD1Pf2VRv/OEE4H9ECORBHGdg=="
    }
  },
  "dependencies": {
    "@github/hotkey": {
      "version": "1.6.0",
      "resolved": "https://registry.npmjs.org/@github/hotkey/-/hotkey-1.6.0.tgz",
      "integrity": "sha512-pm/xBWrn0yyD2GFqPUBH4ne7mdpdrnmdHxwKV0hN/jnSKj01RTPxau65SAvBvWD1Pf2VRv/OEE4H9ECORBHGdg=="
    }
  }
}
