# THIS IS AN AUTOGENERATED FILE. DO NOT EDIT THIS FILE DIRECTLY.
# yarn lockfile v1


"@github/hotkey@^1.6.0":
  version "1.6.1"
  resolved "https://registry.yarnpkg.com/@github/hotkey/-/hotkey-1.6.1.tgz#dd9ae23e3912cf456c156e7b935a12e9d0464e43"
  integrity sha512-vwxqOREwldnk5wD460LPB5wUVpiVECPupi+9fKx5TFXUiRLLz4sw8QbF1FqQsV+puwsjUBhzXPa4Crj/7MGPhw==

"@github/webauthn-json@^2.1.1":
  version "2.1.1"
  resolved "https://registry.yarnpkg.com/@github/webauthn-json/-/webauthn-json-2.1.1.tgz#648e63fc28050917d2882cc2b27817a88cb420fc"
  integrity sha512-XrftRn4z75SnaJOmZQbt7Mk+IIjqVHw+glDGOxuHwXkZBZh/MBoRS7MHjSZMDaLhT4RjN2VqiEU7EOYleuJWSQ==

cal-heatmap@^3.6.2:
  version "3.6.2"
  resolved "https://registry.yarnpkg.com/cal-heatmap/-/cal-heatmap-3.6.2.tgz#961a7f4686b3bdcf7104d951b6ff1dd58c0c62d1"
  integrity sha512-ba5I5yYAI5mPUek2kyzgh9w65tInSKNF0THNDJppcAv/+VtU5vXb0ZVpxhi8XhFcWPIulw8Q++gfqzDckMTkBQ==
  dependencies:
    d3 "^3.0.6"

d3@^3.0.6:
  version "3.5.17"
  resolved "https://registry.yarnpkg.com/d3/-/d3-3.5.17.tgz#bc46748004378b21a360c9fc7cf5231790762fb8"
  integrity sha512-yFk/2idb8OHPKkbAL8QaOaqENNoMhIaSHZerk3oQsECwkObkCpJyjYwCe+OHiq6UEdhe1m8ZGARRRO3ljFjlKg==
